
Microsoft Visual Studio Solution File, Format Version 12.00
# Visual Studio 15
VisualStudioVersion = 15.0.28307.779
MinimumVisualStudioVersion = 10.0.40219.1
Project("{8BC9CEB8-8B4A-11D0-8D11-00A0C91BC942}") = "PointCloudRoam", "PointCloudRoam\PointCloudRoam.vcxproj", "{9EAD1DA2-2AC0-4CAE-9C38-AB43CBCFF843}"
EndProject
Global
	GlobalSection(SolutionConfigurationPlatforms) = preSolution
		Debug|x64 = Debug|x64
		Debug|x86 = Debug|x86
		Release|x64 = Release|x64
		Release|x86 = Release|x86
	EndGlobalSection
	GlobalSection(ProjectConfigurationPlatforms) = postSolution
		{9EAD1DA2-2AC0-4CAE-9C38-AB43CBCFF843}.Debug|x64.ActiveCfg = Debug|x64
		{9EAD1DA2-2AC0-4CAE-9C38-AB43CBCFF843}.Debug|x64.Build.0 = Debug|x64
		{9EAD1DA2-2AC0-4CAE-9C38-AB43CBCFF843}.Debug|x86.ActiveCfg = Debug|Win32
		{9EAD1DA2-2AC0-4CAE-9C38-AB43CBCFF843}.Debug|x86.Build.0 = Debug|Win32
		{9EAD1DA2-2AC0-4CAE-9C38-AB43CBCFF843}.Release|x64.ActiveCfg = Release|x64
		{9EAD1DA2-2AC0-4CAE-9C38-AB43CBCFF843}.Release|x64.Build.0 = Release|x64
		{9EAD1DA2-2AC0-4CAE-9C38-AB43CBCFF843}.Release|x86.ActiveCfg = Release|Win32
		{9EAD1DA2-2AC0-4CAE-9C38-AB43CBCFF843}.Release|x86.Build.0 = Release|Win32
	EndGlobalSection
	GlobalSection(SolutionProperties) = preSolution
		HideSolutionNode = FALSE
	EndGlobalSection
	GlobalSection(ExtensibilityGlobals) = postSolution
		SolutionGuid = {9305F29C-F267-42F2-A7E3-FD8573CF2063}
	EndGlobalSection
EndGlobal
